// !$*UTF8*$!
{
	archiveVersion = 1;
	classes = {
	};
	objectVersion = 46;
	objects = {

/* Begin PBXBuildFile section */
		54DC4B741A72308300F2F35C /* FPTSolver.cpp in Sources */ = {isa = PBXBuildFile; fileRef = 54DC4B731A72308300F2F35C /* FPTSolver.cpp */; };
		54F2F1981A6B669100357CA3 /* main.cpp in Sources */ = {isa = PBXBuildFile; fileRef = 54F2F1971A6B669100357CA3 /* main.cpp */; };
		54F2F1A61A6B670800357CA3 /* PhylogenyTree.cpp in Sources */ = {isa = PBXBuildFile; fileRef = 54F2F1A31A6B670800357CA3 /* PhylogenyTree.cpp */; };
		54F2F1A71A6B670800357CA3 /* Utils.cpp in Sources */ = {isa = PBXBuildFile; fileRef = 54F2F1A41A6B670800357CA3 /* Utils.cpp */; };
/* End PBXBuildFile section */

/* Begin PBXCopyFilesBuildPhase section */
		54F2F1921A6B669100357CA3 /* CopyFiles */ = {
			isa = PBXCopyFilesBuildPhase;
			buildActionMask = 2147483647;
			dstPath = /usr/share/man/man1/;
			dstSubfolderSpec = 0;
			files = (
			);
			runOnlyForDeploymentPostprocessing = 1;
		};
/* End PBXCopyFilesBuildPhase section */

/* Begin PBXFileReference section */
		540CCE081A6FE49D0060EE5A /* FPTSolver.h */ = {isa = PBXFileReference; fileEncoding = 4; lastKnownFileType = sourcecode.c.h; path = FPTSolver.h; sourceTree = "<group>"; };
		54DC4B721A72259200F2F35C /* LCA.h */ = {isa = PBXFileReference; fileEncoding = 4; lastKnownFileType = sourcecode.c.h; path = LCA.h; sourceTree = "<group>"; };
		54DC4B731A72308300F2F35C /* FPTSolver.cpp */ = {isa = PBXFileReference; fileEncoding = 4; lastKnownFileType = sourcecode.cpp.cpp; path = FPTSolver.cpp; sourceTree = "<group>"; };
		54F2F1941A6B669100357CA3 /* FPT_faster */ = {isa = PBXFileReference; explicitFileType = "compiled.mach-o.executable"; includeInIndex = 0; path = FPT_faster; sourceTree = BUILT_PRODUCTS_DIR; };
		54F2F1971A6B669100357CA3 /* main.cpp */ = {isa = PBXFileReference; lastKnownFileType = sourcecode.cpp.cpp; path = main.cpp; sourceTree = "<group>"; };
		54F2F1A11A6B66F700357CA3 /* PhylogenyTree.h */ = {isa = PBXFileReference; fileEncoding = 4; lastKnownFileType = sourcecode.c.h; path = PhylogenyTree.h; sourceTree = "<group>"; };
		54F2F1A21A6B66F700357CA3 /* Utils.h */ = {isa = PBXFileReference; fileEncoding = 4; lastKnownFileType = sourcecode.c.h; path = Utils.h; sourceTree = "<group>"; };
		54F2F1A31A6B670800357CA3 /* PhylogenyTree.cpp */ = {isa = PBXFileReference; fileEncoding = 4; lastKnownFileType = sourcecode.cpp.cpp; path = PhylogenyTree.cpp; sourceTree = "<group>"; };
		54F2F1A41A6B670800357CA3 /* Utils.cpp */ = {isa = PBXFileReference; fileEncoding = 4; lastKnownFileType = sourcecode.cpp.cpp; path = Utils.cpp; sourceTree = "<group>"; };
/* End PBXFileReference section */

/* Begin PBXFrameworksBuildPhase section */
		54F2F1911A6B669100357CA3 /* Frameworks */ = {
			isa = PBXFrameworksBuildPhase;
			buildActionMask = 2147483647;
			files = (
			);
			runOnlyForDeploymentPostprocessing = 0;
		};
/* End PBXFrameworksBuildPhase section */

/* Begin PBXGroup section */
		54F2F18B1A6B669100357CA3 = {
			isa = PBXGroup;
			children = (
				54F2F1961A6B669100357CA3 /* FPT_faster */,
				54F2F1951A6B669100357CA3 /* Products */,
			);
			sourceTree = "<group>";
		};
		54F2F1951A6B669100357CA3 /* Products */ = {
			isa = PBXGroup;
			children = (
				54F2F1941A6B669100357CA3 /* FPT_faster */,
			);
			name = Products;
			sourceTree = "<group>";
		};
		54F2F1961A6B669100357CA3 /* FPT_faster */ = {
			isa = PBXGroup;
			children = (
				54F2F19F1A6B66C800357CA3 /* header */,
				54F2F19E1A6B66B900357CA3 /* source */,
				54F2F1971A6B669100357CA3 /* main.cpp */,
			);
			path = FPT_faster;
			sourceTree = "<group>";
		};
		54F2F19E1A6B66B900357CA3 /* source */ = {
			isa = PBXGroup;
			children = (
				54F2F1A31A6B670800357CA3 /* PhylogenyTree.cpp */,
				54F2F1A41A6B670800357CA3 /* Utils.cpp */,
				54DC4B731A72308300F2F35C /* FPTSolver.cpp */,
			);
			name = source;
			sourceTree = "<group>";
		};
		54F2F19F1A6B66C800357CA3 /* header */ = {
			isa = PBXGroup;
			children = (
				54F2F1A11A6B66F700357CA3 /* PhylogenyTree.h */,
				540CCE081A6FE49D0060EE5A /* FPTSolver.h */,
				54F2F1A21A6B66F700357CA3 /* Utils.h */,
				54DC4B721A72259200F2F35C /* LCA.h */,
			);
			name = header;
			sourceTree = "<group>";
		};
/* End PBXGroup section */

/* Begin PBXNativeTarget section */
		54F2F1931A6B669100357CA3 /* FPT_faster */ = {
			isa = PBXNativeTarget;
			buildConfigurationList = 54F2F19B1A6B669100357CA3 /* Build configuration list for PBXNativeTarget "FPT_faster" */;
			buildPhases = (
				54F2F1901A6B669100357CA3 /* Sources */,
				54F2F1911A6B669100357CA3 /* Frameworks */,
				54F2F1921A6B669100357CA3 /* CopyFiles */,
			);
			buildRules = (
			);
			dependencies = (
			);
			name = FPT_faster;
			productName = FPT_faster;
			productReference = 54F2F1941A6B669100357CA3 /* FPT_faster */;
			productType = "com.apple.product-type.tool";
		};
/* End PBXNativeTarget section */

/* Begin PBXProject section */
		54F2F18C1A6B669100357CA3 /* Project object */ = {
			isa = PBXProject;
			attributes = {
				LastUpgradeCheck = 0610;
				ORGANIZATIONNAME = "Yun Peng";
				TargetAttributes = {
					54F2F1931A6B669100357CA3 = {
						CreatedOnToolsVersion = 6.1.1;
					};
				};
			};
			buildConfigurationList = 54F2F18F1A6B669100357CA3 /* Build configuration list for PBXProject "FPT_faster" */;
			compatibilityVersion = "Xcode 3.2";
			developmentRegion = English;
			hasScannedForEncodings = 0;
			knownRegions = (
				en,
			);
			mainGroup = 54F2F18B1A6B669100357CA3;
			productRefGroup = 54F2F1951A6B669100357CA3 /* Products */;
			projectDirPath = "";
			projectRoot = "";
			targets = (
				54F2F1931A6B669100357CA3 /* FPT_faster */,
			);
		};
/* End PBXProject section */

/* Begin PBXSourcesBuildPhase section */
		54F2F1901A6B669100357CA3 /* Sources */ = {
			isa = PBXSourcesBuildPhase;
			buildActionMask = 2147483647;
			files = (
				54F2F1981A6B669100357CA3 /* main.cpp in Sources */,
				54F2F1A71A6B670800357CA3 /* Utils.cpp in Sources */,
				54F2F1A61A6B670800357CA3 /* PhylogenyTree.cpp in Sources */,
				54DC4B741A72308300F2F35C /* FPTSolver.cpp in Sources */,
			);
			runOnlyForDeploymentPostprocessing = 0;
		};
/* End PBXSourcesBuildPhase section */

/* Begin XCBuildConfiguration section */
		54F2F1991A6B669100357CA3 /* Debug */ = {
			isa = XCBuildConfiguration;
			buildSettings = {
				ALWAYS_SEARCH_USER_PATHS = NO;
				CLANG_CXX_LANGUAGE_STANDARD = "gnu++0x";
				CLANG_CXX_LIBRARY = "libc++";
				CLANG_ENABLE_MODULES = YES;
				CLANG_ENABLE_OBJC_ARC = YES;
				CLANG_WARN_BOOL_CONVERSION = YES;
				CLANG_WARN_CONSTANT_CONVERSION = YES;
				CLANG_WARN_DIRECT_OBJC_ISA_USAGE = YES_ERROR;
				CLANG_WARN_EMPTY_BODY = YES;
				CLANG_WARN_ENUM_CONVERSION = YES;
				CLANG_WARN_INT_CONVERSION = YES;
				CLANG_WARN_OBJC_ROOT_CLASS = YES_ERROR;
				CLANG_WARN_UNREACHABLE_CODE = YES;
				CLANG_WARN__DUPLICATE_METHOD_MATCH = YES;
				COPY_PHASE_STRIP = NO;
				ENABLE_STRICT_OBJC_MSGSEND = YES;
				GCC_C_LANGUAGE_STANDARD = gnu99;
				GCC_DYNAMIC_NO_PIC = NO;
				GCC_OPTIMIZATION_LEVEL = 0;
				GCC_PREPROCESSOR_DEFINITIONS = (
					"DEBUG=1",
					"$(inherited)",
				);
				GCC_SYMBOLS_PRIVATE_EXTERN = NO;
				GCC_WARN_64_TO_32_BIT_CONVERSION = YES;
				GCC_WARN_ABOUT_RETURN_TYPE = YES_ERROR;
				GCC_WARN_UNDECLARED_SELECTOR = YES;
				GCC_WARN_UNINITIALIZED_AUTOS = YES_AGGRESSIVE;
				GCC_WARN_UNUSED_FUNCTION = YES;
				GCC_WARN_UNUSED_VARIABLE = YES;
				MACOSX_DEPLOYMENT_TARGET = 10.10;
				MTL_ENABLE_DEBUG_INFO = YES;
				ONLY_ACTIVE_ARCH = YES;
				SDKROOT = macosx;
			};
			name = Debug;
		};
		54F2F19A1A6B669100357CA3 /* Release */ = {
			isa = XCBuildConfiguration;
			buildSettings = {
				ALWAYS_SEARCH_USER_PATHS = NO;
				CLANG_CXX_LANGUAGE_STANDARD = "gnu++0x";
				CLANG_CXX_LIBRARY = "libc++";
				CLANG_ENABLE_MODULES = YES;
				CLANG_ENABLE_OBJC_ARC = YES;
				CLANG_WARN_BOOL_CONVERSION = YES;
				CLANG_WARN_CONSTANT_CONVERSION = YES;
				CLANG_WARN_DIRECT_OBJC_ISA_USAGE = YES_ERROR;
				CLANG_WARN_EMPTY_BODY = YES;
				CLANG_WARN_ENUM_CONVERSION = YES;
				CLANG_WARN_INT_CONVERSION = YES;
				CLANG_WARN_OBJC_ROOT_CLASS = YES_ERROR;
				CLANG_WARN_UNREACHABLE_CODE = YES;
				CLANG_WARN__DUPLICATE_METHOD_MATCH = YES;
				COPY_PHASE_STRIP = YES;
				DEBUG_INFORMATION_FORMAT = "dwarf-with-dsym";
				ENABLE_NS_ASSERTIONS = NO;
				ENABLE_STRICT_OBJC_MSGSEND = YES;
				GCC_C_LANGUAGE_STANDARD = gnu99;
				GCC_WARN_64_TO_32_BIT_CONVERSION = YES;
				GCC_WARN_ABOUT_RETURN_TYPE = YES_ERROR;
				GCC_WARN_UNDECLARED_SELECTOR = YES;
				GCC_WARN_UNINITIALIZED_AUTOS = YES_AGGRESSIVE;
				GCC_WARN_UNUSED_FUNCTION = YES;
				GCC_WARN_UNUSED_VARIABLE = YES;
				MACOSX_DEPLOYMENT_TARGET = 10.10;
				MTL_ENABLE_DEBUG_INFO = NO;
				SDKROOT = macosx;
			};
			name = Release;
		};
		54F2F19C1A6B669100357CA3 /* Debug */ = {
			isa = XCBuildConfiguration;
			buildSettings = {
				PRODUCT_NAME = "$(TARGET_NAME)";
			};
			name = Debug;
		};
		54F2F19D1A6B669100357CA3 /* Release */ = {
			isa = XCBuildConfiguration;
			buildSettings = {
				PRODUCT_NAME = "$(TARGET_NAME)";
			};
			name = Release;
		};
/* End XCBuildConfiguration section */

/* Begin XCConfigurationList section */
		54F2F18F1A6B669100357CA3 /* Build configuration list for PBXProject "FPT_faster" */ = {
			isa = XCConfigurationList;
			buildConfigurations = (
				54F2F1991A6B669100357CA3 /* Debug */,
				54F2F19A1A6B669100357CA3 /* Release */,
			);
			defaultConfigurationIsVisible = 0;
			defaultConfigurationName = Release;
		};
		54F2F19B1A6B669100357CA3 /* Build configuration list for PBXNativeTarget "FPT_faster" */ = {
			isa = XCConfigurationList;
			buildConfigurations = (
				54F2F19C1A6B669100357CA3 /* Debug */,
				54F2F19D1A6B669100357CA3 /* Release */,
			);
			defaultConfigurationIsVisible = 0;
			defaultConfigurationName = Release;
		};
/* End XCConfigurationList section */
	};
	rootObject = 54F2F18C1A6B669100357CA3 /* Project object */;
}
